
Microsoft Visual Studio Solution File, Format Version 12.00
# Visual Studio Version 17
VisualStudioVersion = 17.7.34024.191
MinimumVisualStudioVersion = 10.0.40219.1
Project("{FAE04EC0-301F-11D3-BF4B-00C04F79EFBC}") = "Factura", "Factura\Factura.csproj", "{FC8DAF83-76B4-4229-9344-8F9C254AE5DB}"
EndProject
Global
	GlobalSection(SolutionConfigurationPlatforms) = preSolution
		Debug|Any CPU = Debug|Any CPU
		Release|Any CPU = Release|Any CPU
	EndGlobalSection
	GlobalSection(ProjectConfigurationPlatforms) = postSolution
		{FC8DAF83-76B4-4229-9344-8F9C254AE5DB}.Debug|Any CPU.ActiveCfg = Debug|Any CPU
		{FC8DAF83-76B4-4229-9344-8F9C254AE5DB}.Debug|Any CPU.Build.0 = Debug|Any CPU
		{FC8DAF83-76B4-4229-9344-8F9C254AE5DB}.Release|Any CPU.ActiveCfg = Release|Any CPU
		{FC8DAF83-76B4-4229-9344-8F9C254AE5DB}.Release|Any CPU.Build.0 = Release|Any CPU
	EndGlobalSection
	GlobalSection(SolutionProperties) = preSolution
		HideSolutionNode = FALSE
	EndGlobalSection
	GlobalSection(ExtensibilityGlobals) = postSolution
		SolutionGuid = {CF3A66C5-FB9E-4D52-8B8B-3A97A8AA9549}
	EndGlobalSection
EndGlobal
